
Microsoft Visual Studio Solution File, Format Version 12.00
Project("{2150E333-8FDC-42A3-9474-1A3956D46DE8}") = "core", "core", "{BE14A1C5-79B3-4B7B-903A-F93785960174}"
EndProject
Project("{2150E333-8FDC-42A3-9474-1A3956D46DE8}") = "infrastructure", "infrastructure", "{5BDCCF6A-2937-4AC0-A88F-2F6DFC5F6D90}"
EndProject
Project("{2150E333-8FDC-42A3-9474-1A3956D46DE8}") = "presentation", "presentation", "{0FEE74F5-B0BB-4CCD-86E3-D6275D15FCE2}"
EndProject
Project("{FAE04EC0-301F-11D3-BF4B-00C04F79EFBC}") = "Domain", "src\core\Domain\Domain.csproj", "{3E7FFB1A-B0E4-469F-87A2-9F74212A39C2}"
EndProject
Project("{FAE04EC0-301F-11D3-BF4B-00C04F79EFBC}") = "Configuration", "src\infrastructure\Configuration\Configuration.csproj", "{87576B82-85FE-409D-A1A6-99525CCB2DB2}"
EndProject
Project("{FAE04EC0-301F-11D3-BF4B-00C04F79EFBC}") = "Logger", "src\infrastructure\Logger\Logger\Logger.csproj", "{ED77DE02-92B9-4451-AFD5-8A2729FD18F0}"
EndProject
Project("{FAE04EC0-301F-11D3-BF4B-00C04F79EFBC}") = "ViewApp", "src\presentation\ViewApp\ViewApp.csproj", "{0325DB7F-8766-4345-967C-5C18E02269D3}"
EndProject
Project("{FAE04EC0-301F-11D3-BF4B-00C04F79EFBC}") = "Application", "src\core\Application\Application.csproj", "{BC6951BB-4254-4CD7-AF22-CCB79C805341}"
EndProject
Project("{FAE04EC0-301F-11D3-BF4B-00C04F79EFBC}") = "CentralServerExchange", "src\infrastructure\CentralServerExchange\CentralServerExchange.csproj", "{88D7BF61-78DB-48DB-B9BD-8661E38ECBFA}"
EndProject
Project("{FAE04EC0-301F-11D3-BF4B-00C04F79EFBC}") = "FrontolDatabase", "src\infrastructure\FrontolDatabase\FrontolDatabase.csproj", "{CF685841-6932-4CD3-B13D-392FE7A40A02}"
EndProject
Project("{FAE04EC0-301F-11D3-BF4B-00C04F79EFBC}") = "Shared", "src\core\Shared\Shared.csproj", "{04D72E32-FAEB-4781-9BC7-405C8C8F91F2}"
EndProject
Project("{FAE04EC0-301F-11D3-BF4B-00C04F79EFBC}") = "FrontolDatabase.Tests", "src\tests\FrontolDatabase.Tests\FrontolDatabase.Tests.csproj", "{16F89884-1840-43AD-B58F-8863365DF395}"
EndProject
Project("{FAE04EC0-301F-11D3-BF4B-00C04F79EFBC}") = "HostApp", "src\presentation\HostApp\HostApp.csproj", "{4920182F-D011-4CDC-BAA5-FC84294ADFA3}"
EndProject
Project("{2150E333-8FDC-42A3-9474-1A3956D46DE8}") = "tests", "tests", "{0AB3BF05-4346-4AA6-1389-037BE0695223}"
EndProject
Project("{FAE04EC0-301F-11D3-BF4B-00C04F79EFBC}") = "HostApp.Tests", "src\tests\HostApp.Tests\HostApp.Tests.csproj", "{1C2A2F0B-9376-41AC-B4CA-C6C6887886D6}"
EndProject
Project("{FAE04EC0-301F-11D3-BF4B-00C04F79EFBC}") = "Configuration.Tests", "src\tests\Configuration.Tests\Configuration.Tests.csproj", "{B4419A68-8832-42E9-8771-610E4FC9B55E}"
EndProject
Project("{FAE04EC0-301F-11D3-BF4B-00C04F79EFBC}") = "Domain.Tests", "src\tests\Domain.Tests\Domain.Tests.csproj", "{49BBD26C-A9CB-49A9-B4D5-94B228F4EE24}"
EndProject
Global
	GlobalSection(SolutionConfigurationPlatforms) = preSolution
		Debug|Any CPU = Debug|Any CPU
		Debug|x64 = Debug|x64
		Debug|x86 = Debug|x86
		Release|Any CPU = Release|Any CPU
		Release|x64 = Release|x64
		Release|x86 = Release|x86
	EndGlobalSection
	GlobalSection(ProjectConfigurationPlatforms) = postSolution
		{3E7FFB1A-B0E4-469F-87A2-9F74212A39C2}.Debug|Any CPU.ActiveCfg = Debug|Any CPU
		{3E7FFB1A-B0E4-469F-87A2-9F74212A39C2}.Debug|Any CPU.Build.0 = Debug|Any CPU
		{3E7FFB1A-B0E4-469F-87A2-9F74212A39C2}.Debug|x64.ActiveCfg = Debug|Any CPU
		{3E7FFB1A-B0E4-469F-87A2-9F74212A39C2}.Debug|x64.Build.0 = Debug|Any CPU
		{3E7FFB1A-B0E4-469F-87A2-9F74212A39C2}.Debug|x86.ActiveCfg = Debug|Any CPU
		{3E7FFB1A-B0E4-469F-87A2-9F74212A39C2}.Debug|x86.Build.0 = Debug|Any CPU
		{3E7FFB1A-B0E4-469F-87A2-9F74212A39C2}.Release|Any CPU.ActiveCfg = Release|Any CPU
		{3E7FFB1A-B0E4-469F-87A2-9F74212A39C2}.Release|Any CPU.Build.0 = Release|Any CPU
		{3E7FFB1A-B0E4-469F-87A2-9F74212A39C2}.Release|x64.ActiveCfg = Release|Any CPU
		{3E7FFB1A-B0E4-469F-87A2-9F74212A39C2}.Release|x64.Build.0 = Release|Any CPU
		{3E7FFB1A-B0E4-469F-87A2-9F74212A39C2}.Release|x86.ActiveCfg = Release|Any CPU
		{3E7FFB1A-B0E4-469F-87A2-9F74212A39C2}.Release|x86.Build.0 = Release|Any CPU
		{87576B82-85FE-409D-A1A6-99525CCB2DB2}.Debug|Any CPU.ActiveCfg = Debug|Any CPU
		{87576B82-85FE-409D-A1A6-99525CCB2DB2}.Debug|Any CPU.Build.0 = Debug|Any CPU
		{87576B82-85FE-409D-A1A6-99525CCB2DB2}.Debug|x64.ActiveCfg = Debug|Any CPU
		{87576B82-85FE-409D-A1A6-99525CCB2DB2}.Debug|x64.Build.0 = Debug|Any CPU
		{87576B82-85FE-409D-A1A6-99525CCB2DB2}.Debug|x86.ActiveCfg = Debug|Any CPU
		{87576B82-85FE-409D-A1A6-99525CCB2DB2}.Debug|x86.Build.0 = Debug|Any CPU
		{87576B82-85FE-409D-A1A6-99525CCB2DB2}.Release|Any CPU.ActiveCfg = Release|Any CPU
		{87576B82-85FE-409D-A1A6-99525CCB2DB2}.Release|Any CPU.Build.0 = Release|Any CPU
		{87576B82-85FE-409D-A1A6-99525CCB2DB2}.Release|x64.ActiveCfg = Release|Any CPU
		{87576B82-85FE-409D-A1A6-99525CCB2DB2}.Release|x64.Build.0 = Release|Any CPU
		{87576B82-85FE-409D-A1A6-99525CCB2DB2}.Release|x86.ActiveCfg = Release|Any CPU
		{87576B82-85FE-409D-A1A6-99525CCB2DB2}.Release|x86.Build.0 = Release|Any CPU
		{ED77DE02-92B9-4451-AFD5-8A2729FD18F0}.Debug|Any CPU.ActiveCfg = Debug|Any CPU
		{ED77DE02-92B9-4451-AFD5-8A2729FD18F0}.Debug|Any CPU.Build.0 = Debug|Any CPU
		{ED77DE02-92B9-4451-AFD5-8A2729FD18F0}.Debug|x64.ActiveCfg = Debug|Any CPU
		{ED77DE02-92B9-4451-AFD5-8A2729FD18F0}.Debug|x64.Build.0 = Debug|Any CPU
		{ED77DE02-92B9-4451-AFD5-8A2729FD18F0}.Debug|x86.ActiveCfg = Debug|Any CPU
		{ED77DE02-92B9-4451-AFD5-8A2729FD18F0}.Debug|x86.Build.0 = Debug|Any CPU
		{ED77DE02-92B9-4451-AFD5-8A2729FD18F0}.Release|Any CPU.ActiveCfg = Release|Any CPU
		{ED77DE02-92B9-4451-AFD5-8A2729FD18F0}.Release|Any CPU.Build.0 = Release|Any CPU
		{ED77DE02-92B9-4451-AFD5-8A2729FD18F0}.Release|x64.ActiveCfg = Release|Any CPU
		{ED77DE02-92B9-4451-AFD5-8A2729FD18F0}.Release|x64.Build.0 = Release|Any CPU
		{ED77DE02-92B9-4451-AFD5-8A2729FD18F0}.Release|x86.ActiveCfg = Release|Any CPU
		{ED77DE02-92B9-4451-AFD5-8A2729FD18F0}.Release|x86.Build.0 = Release|Any CPU
		{0325DB7F-8766-4345-967C-5C18E02269D3}.Debug|Any CPU.ActiveCfg = Debug|Any CPU
		{0325DB7F-8766-4345-967C-5C18E02269D3}.Debug|Any CPU.Build.0 = Debug|Any CPU
		{0325DB7F-8766-4345-967C-5C18E02269D3}.Debug|x64.ActiveCfg = Debug|Any CPU
		{0325DB7F-8766-4345-967C-5C18E02269D3}.Debug|x64.Build.0 = Debug|Any CPU
		{0325DB7F-8766-4345-967C-5C18E02269D3}.Debug|x86.ActiveCfg = Debug|Any CPU
		{0325DB7F-8766-4345-967C-5C18E02269D3}.Debug|x86.Build.0 = Debug|Any CPU
		{0325DB7F-8766-4345-967C-5C18E02269D3}.Release|Any CPU.ActiveCfg = Release|Any CPU
		{0325DB7F-8766-4345-967C-5C18E02269D3}.Release|Any CPU.Build.0 = Release|Any CPU
		{0325DB7F-8766-4345-967C-5C18E02269D3}.Release|x64.ActiveCfg = Release|Any CPU
		{0325DB7F-8766-4345-967C-5C18E02269D3}.Release|x64.Build.0 = Release|Any CPU
		{0325DB7F-8766-4345-967C-5C18E02269D3}.Release|x86.ActiveCfg = Release|Any CPU
		{0325DB7F-8766-4345-967C-5C18E02269D3}.Release|x86.Build.0 = Release|Any CPU
		{BC6951BB-4254-4CD7-AF22-CCB79C805341}.Debug|Any CPU.ActiveCfg = Debug|Any CPU
		{BC6951BB-4254-4CD7-AF22-CCB79C805341}.Debug|Any CPU.Build.0 = Debug|Any CPU
		{BC6951BB-4254-4CD7-AF22-CCB79C805341}.Debug|x64.ActiveCfg = Debug|Any CPU
		{BC6951BB-4254-4CD7-AF22-CCB79C805341}.Debug|x64.Build.0 = Debug|Any CPU
		{BC6951BB-4254-4CD7-AF22-CCB79C805341}.Debug|x86.ActiveCfg = Debug|Any CPU
		{BC6951BB-4254-4CD7-AF22-CCB79C805341}.Debug|x86.Build.0 = Debug|Any CPU
		{BC6951BB-4254-4CD7-AF22-CCB79C805341}.Release|Any CPU.ActiveCfg = Release|Any CPU
		{BC6951BB-4254-4CD7-AF22-CCB79C805341}.Release|Any CPU.Build.0 = Release|Any CPU
		{BC6951BB-4254-4CD7-AF22-CCB79C805341}.Release|x64.ActiveCfg = Release|Any CPU
		{BC6951BB-4254-4CD7-AF22-CCB79C805341}.Release|x64.Build.0 = Release|Any CPU
		{BC6951BB-4254-4CD7-AF22-CCB79C805341}.Release|x86.ActiveCfg = Release|Any CPU
		{BC6951BB-4254-4CD7-AF22-CCB79C805341}.Release|x86.Build.0 = Release|Any CPU
		{88D7BF61-78DB-48DB-B9BD-8661E38ECBFA}.Debug|Any CPU.ActiveCfg = Debug|Any CPU
		{88D7BF61-78DB-48DB-B9BD-8661E38ECBFA}.Debug|Any CPU.Build.0 = Debug|Any CPU
		{88D7BF61-78DB-48DB-B9BD-8661E38ECBFA}.Debug|x64.ActiveCfg = Debug|Any CPU
		{88D7BF61-78DB-48DB-B9BD-8661E38ECBFA}.Debug|x64.Build.0 = Debug|Any CPU
		{88D7BF61-78DB-48DB-B9BD-8661E38ECBFA}.Debug|x86.ActiveCfg = Debug|Any CPU
		{88D7BF61-78DB-48DB-B9BD-8661E38ECBFA}.Debug|x86.Build.0 = Debug|Any CPU
		{88D7BF61-78DB-48DB-B9BD-8661E38ECBFA}.Release|Any CPU.ActiveCfg = Release|Any CPU
		{88D7BF61-78DB-48DB-B9BD-8661E38ECBFA}.Release|Any CPU.Build.0 = Release|Any CPU
		{88D7BF61-78DB-48DB-B9BD-8661E38ECBFA}.Release|x64.ActiveCfg = Release|Any CPU
		{88D7BF61-78DB-48DB-B9BD-8661E38ECBFA}.Release|x64.Build.0 = Release|Any CPU
		{88D7BF61-78DB-48DB-B9BD-8661E38ECBFA}.Release|x86.ActiveCfg = Release|Any CPU
		{88D7BF61-78DB-48DB-B9BD-8661E38ECBFA}.Release|x86.Build.0 = Release|Any CPU
		{CF685841-6932-4CD3-B13D-392FE7A40A02}.Debug|Any CPU.ActiveCfg = Debug|Any CPU
		{CF685841-6932-4CD3-B13D-392FE7A40A02}.Debug|Any CPU.Build.0 = Debug|Any CPU
		{CF685841-6932-4CD3-B13D-392FE7A40A02}.Debug|x64.ActiveCfg = Debug|Any CPU
		{CF685841-6932-4CD3-B13D-392FE7A40A02}.Debug|x64.Build.0 = Debug|Any CPU
		{CF685841-6932-4CD3-B13D-392FE7A40A02}.Debug|x86.ActiveCfg = Debug|Any CPU
		{CF685841-6932-4CD3-B13D-392FE7A40A02}.Debug|x86.Build.0 = Debug|Any CPU
		{CF685841-6932-4CD3-B13D-392FE7A40A02}.Release|Any CPU.ActiveCfg = Release|Any CPU
		{CF685841-6932-4CD3-B13D-392FE7A40A02}.Release|Any CPU.Build.0 = Release|Any CPU
		{CF685841-6932-4CD3-B13D-392FE7A40A02}.Release|x64.ActiveCfg = Release|Any CPU
		{CF685841-6932-4CD3-B13D-392FE7A40A02}.Release|x64.Build.0 = Release|Any CPU
		{CF685841-6932-4CD3-B13D-392FE7A40A02}.Release|x86.ActiveCfg = Release|Any CPU
		{CF685841-6932-4CD3-B13D-392FE7A40A02}.Release|x86.Build.0 = Release|Any CPU
		{04D72E32-FAEB-4781-9BC7-405C8C8F91F2}.Debug|Any CPU.ActiveCfg = Debug|Any CPU
		{04D72E32-FAEB-4781-9BC7-405C8C8F91F2}.Debug|Any CPU.Build.0 = Debug|Any CPU
		{04D72E32-FAEB-4781-9BC7-405C8C8F91F2}.Debug|x64.ActiveCfg = Debug|Any CPU
		{04D72E32-FAEB-4781-9BC7-405C8C8F91F2}.Debug|x64.Build.0 = Debug|Any CPU
		{04D72E32-FAEB-4781-9BC7-405C8C8F91F2}.Debug|x86.ActiveCfg = Debug|Any CPU
		{04D72E32-FAEB-4781-9BC7-405C8C8F91F2}.Debug|x86.Build.0 = Debug|Any CPU
		{04D72E32-FAEB-4781-9BC7-405C8C8F91F2}.Release|Any CPU.ActiveCfg = Release|Any CPU
		{04D72E32-FAEB-4781-9BC7-405C8C8F91F2}.Release|Any CPU.Build.0 = Release|Any CPU
		{04D72E32-FAEB-4781-9BC7-405C8C8F91F2}.Release|x64.ActiveCfg = Release|Any CPU
		{04D72E32-FAEB-4781-9BC7-405C8C8F91F2}.Release|x64.Build.0 = Release|Any CPU
		{04D72E32-FAEB-4781-9BC7-405C8C8F91F2}.Release|x86.ActiveCfg = Release|Any CPU
		{04D72E32-FAEB-4781-9BC7-405C8C8F91F2}.Release|x86.Build.0 = Release|Any CPU
		{16F89884-1840-43AD-B58F-8863365DF395}.Debug|Any CPU.ActiveCfg = Debug|Any CPU
		{16F89884-1840-43AD-B58F-8863365DF395}.Debug|Any CPU.Build.0 = Debug|Any CPU
		{16F89884-1840-43AD-B58F-8863365DF395}.Debug|x64.ActiveCfg = Debug|Any CPU
		{16F89884-1840-43AD-B58F-8863365DF395}.Debug|x64.Build.0 = Debug|Any CPU
		{16F89884-1840-43AD-B58F-8863365DF395}.Debug|x86.ActiveCfg = Debug|Any CPU
		{16F89884-1840-43AD-B58F-8863365DF395}.Debug|x86.Build.0 = Debug|Any CPU
		{16F89884-1840-43AD-B58F-8863365DF395}.Release|Any CPU.ActiveCfg = Release|Any CPU
		{16F89884-1840-43AD-B58F-8863365DF395}.Release|Any CPU.Build.0 = Release|Any CPU
		{16F89884-1840-43AD-B58F-8863365DF395}.Release|x64.ActiveCfg = Release|Any CPU
		{16F89884-1840-43AD-B58F-8863365DF395}.Release|x64.Build.0 = Release|Any CPU
		{16F89884-1840-43AD-B58F-8863365DF395}.Release|x86.ActiveCfg = Release|Any CPU
		{16F89884-1840-43AD-B58F-8863365DF395}.Release|x86.Build.0 = Release|Any CPU
		{4920182F-D011-4CDC-BAA5-FC84294ADFA3}.Debug|Any CPU.ActiveCfg = Debug|Any CPU
		{4920182F-D011-4CDC-BAA5-FC84294ADFA3}.Debug|Any CPU.Build.0 = Debug|Any CPU
		{4920182F-D011-4CDC-BAA5-FC84294ADFA3}.Debug|x64.ActiveCfg = Debug|Any CPU
		{4920182F-D011-4CDC-BAA5-FC84294ADFA3}.Debug|x64.Build.0 = Debug|Any CPU
		{4920182F-D011-4CDC-BAA5-FC84294ADFA3}.Debug|x86.ActiveCfg = Debug|Any CPU
		{4920182F-D011-4CDC-BAA5-FC84294ADFA3}.Debug|x86.Build.0 = Debug|Any CPU
		{4920182F-D011-4CDC-BAA5-FC84294ADFA3}.Release|Any CPU.ActiveCfg = Release|Any CPU
		{4920182F-D011-4CDC-BAA5-FC84294ADFA3}.Release|Any CPU.Build.0 = Release|Any CPU
		{4920182F-D011-4CDC-BAA5-FC84294ADFA3}.Release|x64.ActiveCfg = Release|Any CPU
		{4920182F-D011-4CDC-BAA5-FC84294ADFA3}.Release|x64.Build.0 = Release|Any CPU
		{4920182F-D011-4CDC-BAA5-FC84294ADFA3}.Release|x86.ActiveCfg = Release|Any CPU
		{4920182F-D011-4CDC-BAA5-FC84294ADFA3}.Release|x86.Build.0 = Release|Any CPU
		{1C2A2F0B-9376-41AC-B4CA-C6C6887886D6}.Debug|Any CPU.ActiveCfg = Debug|Any CPU
		{1C2A2F0B-9376-41AC-B4CA-C6C6887886D6}.Debug|Any CPU.Build.0 = Debug|Any CPU
		{1C2A2F0B-9376-41AC-B4CA-C6C6887886D6}.Debug|x64.ActiveCfg = Debug|Any CPU
		{1C2A2F0B-9376-41AC-B4CA-C6C6887886D6}.Debug|x64.Build.0 = Debug|Any CPU
		{1C2A2F0B-9376-41AC-B4CA-C6C6887886D6}.Debug|x86.ActiveCfg = Debug|Any CPU
		{1C2A2F0B-9376-41AC-B4CA-C6C6887886D6}.Debug|x86.Build.0 = Debug|Any CPU
		{1C2A2F0B-9376-41AC-B4CA-C6C6887886D6}.Release|Any CPU.ActiveCfg = Release|Any CPU
		{1C2A2F0B-9376-41AC-B4CA-C6C6887886D6}.Release|Any CPU.Build.0 = Release|Any CPU
		{1C2A2F0B-9376-41AC-B4CA-C6C6887886D6}.Release|x64.ActiveCfg = Release|Any CPU
		{1C2A2F0B-9376-41AC-B4CA-C6C6887886D6}.Release|x64.Build.0 = Release|Any CPU
		{1C2A2F0B-9376-41AC-B4CA-C6C6887886D6}.Release|x86.ActiveCfg = Release|Any CPU
		{1C2A2F0B-9376-41AC-B4CA-C6C6887886D6}.Release|x86.Build.0 = Release|Any CPU
		{B4419A68-8832-42E9-8771-610E4FC9B55E}.Debug|Any CPU.ActiveCfg = Debug|Any CPU
		{B4419A68-8832-42E9-8771-610E4FC9B55E}.Debug|Any CPU.Build.0 = Debug|Any CPU
		{B4419A68-8832-42E9-8771-610E4FC9B55E}.Debug|x64.ActiveCfg = Debug|Any CPU
		{B4419A68-8832-42E9-8771-610E4FC9B55E}.Debug|x64.Build.0 = Debug|Any CPU
		{B4419A68-8832-42E9-8771-610E4FC9B55E}.Debug|x86.ActiveCfg = Debug|Any CPU
		{B4419A68-8832-42E9-8771-610E4FC9B55E}.Debug|x86.Build.0 = Debug|Any CPU
		{B4419A68-8832-42E9-8771-610E4FC9B55E}.Release|Any CPU.ActiveCfg = Release|Any CPU
		{B4419A68-8832-42E9-8771-610E4FC9B55E}.Release|Any CPU.Build.0 = Release|Any CPU
		{B4419A68-8832-42E9-8771-610E4FC9B55E}.Release|x64.ActiveCfg = Release|Any CPU
		{B4419A68-8832-42E9-8771-610E4FC9B55E}.Release|x64.Build.0 = Release|Any CPU
		{B4419A68-8832-42E9-8771-610E4FC9B55E}.Release|x86.ActiveCfg = Release|Any CPU
		{B4419A68-8832-42E9-8771-610E4FC9B55E}.Release|x86.Build.0 = Release|Any CPU
		{49BBD26C-A9CB-49A9-B4D5-94B228F4EE24}.Debug|Any CPU.ActiveCfg = Debug|Any CPU
		{49BBD26C-A9CB-49A9-B4D5-94B228F4EE24}.Debug|Any CPU.Build.0 = Debug|Any CPU
		{49BBD26C-A9CB-49A9-B4D5-94B228F4EE24}.Debug|x64.ActiveCfg = Debug|Any CPU
		{49BBD26C-A9CB-49A9-B4D5-94B228F4EE24}.Debug|x64.Build.0 = Debug|Any CPU
		{49BBD26C-A9CB-49A9-B4D5-94B228F4EE24}.Debug|x86.ActiveCfg = Debug|Any CPU
		{49BBD26C-A9CB-49A9-B4D5-94B228F4EE24}.Debug|x86.Build.0 = Debug|Any CPU
		{49BBD26C-A9CB-49A9-B4D5-94B228F4EE24}.Release|Any CPU.ActiveCfg = Release|Any CPU
		{49BBD26C-A9CB-49A9-B4D5-94B228F4EE24}.Release|Any CPU.Build.0 = Release|Any CPU
		{49BBD26C-A9CB-49A9-B4D5-94B228F4EE24}.Release|x64.ActiveCfg = Release|Any CPU
		{49BBD26C-A9CB-49A9-B4D5-94B228F4EE24}.Release|x64.Build.0 = Release|Any CPU
		{49BBD26C-A9CB-49A9-B4D5-94B228F4EE24}.Release|x86.ActiveCfg = Release|Any CPU
		{49BBD26C-A9CB-49A9-B4D5-94B228F4EE24}.Release|x86.Build.0 = Release|Any CPU
	EndGlobalSection
	GlobalSection(SolutionProperties) = preSolution
		HideSolutionNode = FALSE
	EndGlobalSection
	GlobalSection(NestedProjects) = preSolution
		{3E7FFB1A-B0E4-469F-87A2-9F74212A39C2} = {BE14A1C5-79B3-4B7B-903A-F93785960174}
		{87576B82-85FE-409D-A1A6-99525CCB2DB2} = {5BDCCF6A-2937-4AC0-A88F-2F6DFC5F6D90}
		{ED77DE02-92B9-4451-AFD5-8A2729FD18F0} = {5BDCCF6A-2937-4AC0-A88F-2F6DFC5F6D90}
		{0325DB7F-8766-4345-967C-5C18E02269D3} = {0FEE74F5-B0BB-4CCD-86E3-D6275D15FCE2}
		{BC6951BB-4254-4CD7-AF22-CCB79C805341} = {BE14A1C5-79B3-4B7B-903A-F93785960174}
		{88D7BF61-78DB-48DB-B9BD-8661E38ECBFA} = {5BDCCF6A-2937-4AC0-A88F-2F6DFC5F6D90}
		{CF685841-6932-4CD3-B13D-392FE7A40A02} = {5BDCCF6A-2937-4AC0-A88F-2F6DFC5F6D90}
		{04D72E32-FAEB-4781-9BC7-405C8C8F91F2} = {BE14A1C5-79B3-4B7B-903A-F93785960174}
		{4920182F-D011-4CDC-BAA5-FC84294ADFA3} = {0FEE74F5-B0BB-4CCD-86E3-D6275D15FCE2}
		{1C2A2F0B-9376-41AC-B4CA-C6C6887886D6} = {0AB3BF05-4346-4AA6-1389-037BE0695223}
		{B4419A68-8832-42E9-8771-610E4FC9B55E} = {0AB3BF05-4346-4AA6-1389-037BE0695223}
		{49BBD26C-A9CB-49A9-B4D5-94B228F4EE24} = {0AB3BF05-4346-4AA6-1389-037BE0695223}
	EndGlobalSection
	GlobalSection(RiderSharedRunConfigurations) = postSolution
		File = x64-win\win x64.run.xml
	EndGlobalSection
EndGlobal
